PODS:
  - audio_session (0.0.1):
    - Flutter
  - audioplayers (0.0.1):
    - Flutter
  - beacons_plugin (0.0.1):
    - Flutter
  - connectivity (0.0.1):
    - Flutter
    - Reachability
  - Flutter (1.0.0)
  - flutter_beacon (0.3.0):
    - Flutter
  - flutter_email_sender (0.0.1):
    - Flutter
  - flutter_secure_storage (3.3.1):
    - Flutter
  - FMDB (2.7.5):
    - FMDB/standard (= 2.7.5)
  - FMDB/standard (2.7.5)
  - just_audio (0.0.1):
    - Flutter
  - MTBBarcodeScanner (5.0.11)
  - package_info (0.0.1):
    - Flutter
  - path_provider (0.0.1):
    - Flutter
  - qr_code_scanner (0.2.0):
    - Flutter
    - MTBBarcodeScanner
  - Reachability (3.2)
  - share (0.0.1):
    - Flutter
  - shared_preferences (0.0.1):
    - Flutter
  - sqflite (0.0.2):
    - Flutter
    - FMDB (>= 2.7.5)

DEPENDENCIES:
  - audio_session (from `.symlinks/plugins/audio_session/ios`)
  - audioplayers (from `.symlinks/plugins/audioplayers/ios`)
  - beacons_plugin (from `.symlinks/plugins/beacons_plugin/ios`)
  - connectivity (from `.symlinks/plugins/connectivity/ios`)
  - Flutter (from `Flutter`)
  - flutter_beacon (from `.symlinks/plugins/flutter_beacon/ios`)
  - flutter_email_sender (from `.symlinks/plugins/flutter_email_sender/ios`)
  - flutter_secure_storage (from `.symlinks/plugins/flutter_secure_storage/ios`)
  - just_audio (from `.symlinks/plugins/just_audio/ios`)
  - package_info (from `.symlinks/plugins/package_info/ios`)
  - path_provider (from `.symlinks/plugins/path_provider/ios`)
  - qr_code_scanner (from `.symlinks/plugins/qr_code_scanner/ios`)
  - share (from `.symlinks/plugins/share/ios`)
  - shared_preferences (from `.symlinks/plugins/shared_preferences/ios`)
  - sqflite (from `.symlinks/plugins/sqflite/ios`)

SPEC REPOS:
  trunk:
    - FMDB
    - MTBBarcodeScanner
    - Reachability

EXTERNAL SOURCES:
  audio_session:
    :path: ".symlinks/plugins/audio_session/ios"
  audioplayers:
    :path: ".symlinks/plugins/audioplayers/ios"
  beacons_plugin:
    :path: ".symlinks/plugins/beacons_plugin/ios"
  connectivity:
    :path: ".symlinks/plugins/connectivity/ios"
  Flutter:
    :path: Flutter
  flutter_beacon:
    :path: ".symlinks/plugins/flutter_beacon/ios"
  flutter_email_sender:
    :path: ".symlinks/plugins/flutter_email_sender/ios"
  flutter_secure_storage:
    :path: ".symlinks/plugins/flutter_secure_storage/ios"
  just_audio:
    :path: ".symlinks/plugins/just_audio/ios"
  package_info:
    :path: ".symlinks/plugins/package_info/ios"
  path_provider:
    :path: ".symlinks/plugins/path_provider/ios"
  qr_code_scanner:
    :path: ".symlinks/plugins/qr_code_scanner/ios"
  share:
    :path: ".symlinks/plugins/share/ios"
  shared_preferences:
    :path: ".symlinks/plugins/shared_preferences/ios"
  sqflite:
    :path: ".symlinks/plugins/sqflite/ios"

SPEC CHECKSUMS:
  audio_session: 4f3e461722055d21515cf3261b64c973c062f345
  audioplayers: 455322b54050b30ea4b1af7cd9e9d105f74efa8c
  beacons_plugin: 451bca1eea362d21793d61d58fa26d494cf19718
  connectivity: c4130b2985d4ef6fd26f9702e886bd5260681467
  Flutter: 434fef37c0980e73bb6479ef766c45957d4b510c
  flutter_beacon: 2525df9d96b904623f325968a73bac805e648119
  flutter_email_sender: 02d7443217d8c41483223627972bfdc09f74276b
  flutter_secure_storage: 7953c38a04c3fdbb00571bcd87d8e3b5ceb9daec
  FMDB: 2ce00b547f966261cd18927a3ddb07cb6f3db82a
  just_audio: baa7252489dbcf47a4c7cc9ca663e9661c99aafa
  MTBBarcodeScanner: f453b33c4b7dfe545d8c6484ed744d55671788cb
  package_info: 873975fc26034f0b863a300ad47e7f1ac6c7ec62
  path_provider: abfe2b5c733d04e238b0d8691db0cfd63a27a93c
  qr_code_scanner: bb67d64904c3b9658ada8c402e8b4d406d5d796e
  Reachability: 33e18b67625424e47b6cde6d202dce689ad7af96
  share: 0b2c3e82132f5888bccca3351c504d0003b3b410
  shared_preferences: af6bfa751691cdc24be3045c43ec037377ada40d
  sqflite: 6d358c025f5b867b29ed92fc697fd34924e11904

PODFILE CHECKSUM: 4e8f8b2be68aeea4c0d5beb6ff1e79fface1d048

COCOAPODS: 1.10.1
